
Microsoft Visual Studio Solution File, Format Version 12.00
# Visual Studio Version 16
VisualStudioVersion = 25.0.1706.7
MinimumVisualStudioVersion = 10.0.40219.1
Project("{FAE04EC0-301F-11D3-BF4B-00C04F79EFBC}") = "Week9Lists", "Week9Lists\Week9Lists.csproj", "{C7DFE801-998A-43B4-A6FB-1301DD16AFFC}"
EndProject
Global
	GlobalSection(SolutionConfigurationPlatforms) = preSolution
		Debug|Any CPU = Debug|Any CPU
		Release|Any CPU = Release|Any CPU
	EndGlobalSection
	GlobalSection(ProjectConfigurationPlatforms) = postSolution
		{C7DFE801-998A-43B4-A6FB-1301DD16AFFC}.Debug|Any CPU.ActiveCfg = Debug|Any CPU
		{C7DFE801-998A-43B4-A6FB-1301DD16AFFC}.Debug|Any CPU.Build.0 = Debug|Any CPU
		{C7DFE801-998A-43B4-A6FB-1301DD16AFFC}.Release|Any CPU.ActiveCfg = Release|Any CPU
		{C7DFE801-998A-43B4-A6FB-1301DD16AFFC}.Release|Any CPU.Build.0 = Release|Any CPU
	EndGlobalSection
	GlobalSection(SolutionProperties) = preSolution
		HideSolutionNode = FALSE
	EndGlobalSection
	GlobalSection(ExtensibilityGlobals) = postSolution
		SolutionGuid = {56438896-60EF-4434-95D0-4F007EB9F767}
	EndGlobalSection
EndGlobal
